
Microsoft Visual Studio Solution File, Format Version 12.00
# Visual Studio Version 17
VisualStudioVersion = 17.0.31903.59
MinimumVisualStudioVersion = 10.0.40219.1
Project("{FAE04EC0-301F-11D3-BF4B-00C04F79EFBC}") = "API", "API\API.csproj", "{C3E0B19B-213E-4B8C-99E7-D2B39A91718A}"
EndProject
Global
	GlobalSection(SolutionConfigurationPlatforms) = preSolution
		Debug|Any CPU = Debug|Any CPU
		Release|Any CPU = Release|Any CPU
	EndGlobalSection
	GlobalSection(SolutionProperties) = preSolution
		HideSolutionNode = FALSE
	EndGlobalSection
	GlobalSection(ProjectConfigurationPlatforms) = postSolution
		{C3E0B19B-213E-4B8C-99E7-D2B39A91718A}.Debug|Any CPU.ActiveCfg = Debug|Any CPU
		{C3E0B19B-213E-4B8C-99E7-D2B39A91718A}.Debug|Any CPU.Build.0 = Debug|Any CPU
		{C3E0B19B-213E-4B8C-99E7-D2B39A91718A}.Release|Any CPU.ActiveCfg = Release|Any CPU
		{C3E0B19B-213E-4B8C-99E7-D2B39A91718A}.Release|Any CPU.Build.0 = Release|Any CPU
	EndGlobalSection
EndGlobal
